// !$*UTF8*$!
{
	archiveVersion = 1;
	classes = {
	};
	objectVersion = 50;
	objects = {

/* Begin PBXBuildFile section */
		8FD41343255E5CEF00057EBB /* AppDelegate.swift in Sources */ = {isa = PBXBuildFile; fileRef = 8FD41342255E5CEF00057EBB /* AppDelegate.swift */; };
		8FD41345255E5CEF00057EBB /* SceneDelegate.swift in Sources */ = {isa = PBXBuildFile; fileRef = 8FD41344255E5CEF00057EBB /* SceneDelegate.swift */; };
		8FD41347255E5CEF00057EBB /* ViewController.swift in Sources */ = {isa = PBXBuildFile; fileRef = 8FD41346255E5CEF00057EBB /* ViewController.swift */; };
		8FD4134A255E5CEF00057EBB /* Main.storyboard in Resources */ = {isa = PBXBuildFile; fileRef = 8FD41348255E5CEF00057EBB /* Main.storyboard */; };
		8FD4134C255E5CF300057EBB /* Assets.xcassets in Resources */ = {isa = PBXBuildFile; fileRef = 8FD4134B255E5CF300057EBB /* Assets.xcassets */; };
		8FD4134F255E5CF300057EBB /* LaunchScreen.storyboard in Resources */ = {isa = PBXBuildFile; fileRef = 8FD4134D255E5CF300057EBB /* LaunchScreen.storyboard */; };
		8FD4135A255E5CF300057EBB /* EduRevTests.swift in Sources */ = {isa = PBXBuildFile; fileRef = 8FD41359255E5CF300057EBB /* EduRevTests.swift */; };
		8FD41365255E5CF300057EBB /* EduRevUITests.swift in Sources */ = {isa = PBXBuildFile; fileRef = 8FD41364255E5CF300057EBB /* EduRevUITests.swift */; };
		8FD41376255E5D3C00057EBB /* data.json in Resources */ = {isa = PBXBuildFile; fileRef = 8FD41375255E5D3C00057EBB /* data.json */; };
		8FD4137B255E5D6800057EBB /* DataManager.swift in Sources */ = {isa = PBXBuildFile; fileRef = 8FD4137A255E5D6800057EBB /* DataManager.swift */; };
		8FD41383255E5D7A00057EBB /* Questionnaire.swift in Sources */ = {isa = PBXBuildFile; fileRef = 8FD41382255E5D7A00057EBB /* Questionnaire.swift */; };
		8FD41388255E605400057EBB /* Extensions.swift in Sources */ = {isa = PBXBuildFile; fileRef = 8FD41387255E605400057EBB /* Extensions.swift */; };
		8FD4138D255E61DB00057EBB /* QuestionCell.swift in Sources */ = {isa = PBXBuildFile; fileRef = 8FD4138C255E61DB00057EBB /* QuestionCell.swift */; };
/* End PBXBuildFile section */

/* Begin PBXContainerItemProxy section */
		8FD41356255E5CF300057EBB /* PBXContainerItemProxy */ = {
			isa = PBXContainerItemProxy;
			containerPortal = 8FD41337255E5CEF00057EBB /* Project object */;
			proxyType = 1;
			remoteGlobalIDString = 8FD4133E255E5CEF00057EBB;
			remoteInfo = EduRev;
		};
		8FD41361255E5CF300057EBB /* PBXContainerItemProxy */ = {
			isa = PBXContainerItemProxy;
			containerPortal = 8FD41337255E5CEF00057EBB /* Project object */;
			proxyType = 1;
			remoteGlobalIDString = 8FD4133E255E5CEF00057EBB;
			remoteInfo = EduRev;
		};
/* End PBXContainerItemProxy section */

/* Begin PBXFileReference section */
		8FD4133F255E5CEF00057EBB /* EduRev.app */ = {isa = PBXFileReference; explicitFileType = wrapper.application; includeInIndex = 0; path = EduRev.app; sourceTree = BUILT_PRODUCTS_DIR; };
		8FD41342255E5CEF00057EBB /* AppDelegate.swift */ = {isa = PBXFileReference; lastKnownFileType = sourcecode.swift; path = AppDelegate.swift; sourceTree = "<group>"; };
		8FD41344255E5CEF00057EBB /* SceneDelegate.swift */ = {isa = PBXFileReference; lastKnownFileType = sourcecode.swift; path = SceneDelegate.swift; sourceTree = "<group>"; };
		8FD41346255E5CEF00057EBB /* ViewController.swift */ = {isa = PBXFileReference; lastKnownFileType = sourcecode.swift; path = ViewController.swift; sourceTree = "<group>"; };
		8FD41349255E5CEF00057EBB /* Base */ = {isa = PBXFileReference; lastKnownFileType = file.storyboard; name = Base; path = Base.lproj/Main.storyboard; sourceTree = "<group>"; };
		8FD4134B255E5CF300057EBB /* Assets.xcassets */ = {isa = PBXFileReference; lastKnownFileType = folder.assetcatalog; path = Assets.xcassets; sourceTree = "<group>"; };
		8FD4134E255E5CF300057EBB /* Base */ = {isa = PBXFileReference; lastKnownFileType = file.storyboard; name = Base; path = Base.lproj/LaunchScreen.storyboard; sourceTree = "<group>"; };
		8FD41350255E5CF300057EBB /* Info.plist */ = {isa = PBXFileReference; lastKnownFileType = text.plist.xml; path = Info.plist; sourceTree = "<group>"; };
		8FD41355255E5CF300057EBB /* EduRevTests.xctest */ = {isa = PBXFileReference; explicitFileType = wrapper.cfbundle; includeInIndex = 0; path = EduRevTests.xctest; sourceTree = BUILT_PRODUCTS_DIR; };
		8FD41359255E5CF300057EBB /* EduRevTests.swift */ = {isa = PBXFileReference; lastKnownFileType = sourcecode.swift; path = EduRevTests.swift; sourceTree = "<group>"; };
		8FD4135B255E5CF300057EBB /* Info.plist */ = {isa = PBXFileReference; lastKnownFileType = text.plist.xml; path = Info.plist; sourceTree = "<group>"; };
		8FD41360255E5CF300057EBB /* EduRevUITests.xctest */ = {isa = PBXFileReference; explicitFileType = wrapper.cfbundle; includeInIndex = 0; path = EduRevUITests.xctest; sourceTree = BUILT_PRODUCTS_DIR; };
		8FD41364255E5CF300057EBB /* EduRevUITests.swift */ = {isa = PBXFileReference; lastKnownFileType = sourcecode.swift; path = EduRevUITests.swift; sourceTree = "<group>"; };
		8FD41366255E5CF300057EBB /* Info.plist */ = {isa = PBXFileReference; lastKnownFileType = text.plist.xml; path = Info.plist; sourceTree = "<group>"; };
		8FD41375255E5D3C00057EBB /* data.json */ = {isa = PBXFileReference; fileEncoding = 4; lastKnownFileType = text.json; path = data.json; sourceTree = "<group>"; };
		8FD4137A255E5D6800057EBB /* DataManager.swift */ = {isa = PBXFileReference; lastKnownFileType = sourcecode.swift; path = DataManager.swift; sourceTree = "<group>"; };
		8FD41382255E5D7A00057EBB /* Questionnaire.swift */ = {isa = PBXFileReference; lastKnownFileType = sourcecode.swift; path = Questionnaire.swift; sourceTree = "<group>"; };
		8FD41387255E605400057EBB /* Extensions.swift */ = {isa = PBXFileReference; lastKnownFileType = sourcecode.swift; path = Extensions.swift; sourceTree = "<group>"; };
		8FD4138C255E61DB00057EBB /* QuestionCell.swift */ = {isa = PBXFileReference; lastKnownFileType = sourcecode.swift; path = QuestionCell.swift; sourceTree = "<group>"; };
/* End PBXFileReference section */

/* Begin PBXFrameworksBuildPhase section */
		8FD4133C255E5CEF00057EBB /* Frameworks */ = {
			isa = PBXFrameworksBuildPhase;
			buildActionMask = 2147483647;
			files = (
			);
			runOnlyForDeploymentPostprocessing = 0;
		};
		8FD41352255E5CF300057EBB /* Frameworks */ = {
			isa = PBXFrameworksBuildPhase;
			buildActionMask = 2147483647;
			files = (
			);
			runOnlyForDeploymentPostprocessing = 0;
		};
		8FD4135D255E5CF300057EBB /* Frameworks */ = {
			isa = PBXFrameworksBuildPhase;
			buildActionMask = 2147483647;
			files = (
			);
			runOnlyForDeploymentPostprocessing = 0;
		};
/* End PBXFrameworksBuildPhase section */

/* Begin PBXGroup section */
		8FD41336255E5CEF00057EBB = {
			isa = PBXGroup;
			children = (
				8FD41341255E5CEF00057EBB /* EduRev */,
				8FD41358255E5CF300057EBB /* EduRevTests */,
				8FD41363255E5CF300057EBB /* EduRevUITests */,
				8FD41340255E5CEF00057EBB /* Products */,
			);
			sourceTree = "<group>";
		};
		8FD41340255E5CEF00057EBB /* Products */ = {
			isa = PBXGroup;
			children = (
				8FD4133F255E5CEF00057EBB /* EduRev.app */,
				8FD41355255E5CF300057EBB /* EduRevTests.xctest */,
				8FD41360255E5CF300057EBB /* EduRevUITests.xctest */,
			);
			name = Products;
			sourceTree = "<group>";
		};
		8FD41341255E5CEF00057EBB /* EduRev */ = {
			isa = PBXGroup;
			children = (
				8FD41342255E5CEF00057EBB /* AppDelegate.swift */,
				8FD41344255E5CEF00057EBB /* SceneDelegate.swift */,
				8FD41346255E5CEF00057EBB /* ViewController.swift */,
				8FD4137A255E5D6800057EBB /* DataManager.swift */,
				8FD41387255E605400057EBB /* Extensions.swift */,
				8FD4138C255E61DB00057EBB /* QuestionCell.swift */,
				8FD41382255E5D7A00057EBB /* Questionnaire.swift */,
				8FD41375255E5D3C00057EBB /* data.json */,
				8FD41348255E5CEF00057EBB /* Main.storyboard */,
				8FD4134B255E5CF300057EBB /* Assets.xcassets */,
				8FD4134D255E5CF300057EBB /* LaunchScreen.storyboard */,
				8FD41350255E5CF300057EBB /* Info.plist */,
			);
			path = EduRev;
			sourceTree = "<group>";
		};
		8FD41358255E5CF300057EBB /* EduRevTests */ = {
			isa = PBXGroup;
			children = (
				8FD41359255E5CF300057EBB /* EduRevTests.swift */,
				8FD4135B255E5CF300057EBB /* Info.plist */,
			);
			path = EduRevTests;
			sourceTree = "<group>";
		};
		8FD41363255E5CF300057EBB /* EduRevUITests */ = {
			isa = PBXGroup;
			children = (
				8FD41364255E5CF300057EBB /* EduRevUITests.swift */,
				8FD41366255E5CF300057EBB /* Info.plist */,
			);
			path = EduRevUITests;
			sourceTree = "<group>";
		};
/* End PBXGroup section */

/* Begin PBXNativeTarget section */
		8FD4133E255E5CEF00057EBB /* EduRev */ = {
			isa = PBXNativeTarget;
			buildConfigurationList = 8FD41369255E5CF300057EBB /* Build configuration list for PBXNativeTarget "EduRev" */;
			buildPhases = (
				8FD4133B255E5CEF00057EBB /* Sources */,
				8FD4133C255E5CEF00057EBB /* Frameworks */,
				8FD4133D255E5CEF00057EBB /* Resources */,
			);
			buildRules = (
			);
			dependencies = (
			);
			name = EduRev;
			productName = EduRev;
			productReference = 8FD4133F255E5CEF00057EBB /* EduRev.app */;
			productType = "com.apple.product-type.application";
		};
		8FD41354255E5CF300057EBB /* EduRevTests */ = {
			isa = PBXNativeTarget;
			buildConfigurationList = 8FD4136C255E5CF300057EBB /* Build configuration list for PBXNativeTarget "EduRevTests" */;
			buildPhases = (
				8FD41351255E5CF300057EBB /* Sources */,
				8FD41352255E5CF300057EBB /* Frameworks */,
				8FD41353255E5CF300057EBB /* Resources */,
			);
			buildRules = (
			);
			dependencies = (
				8FD41357255E5CF300057EBB /* PBXTargetDependency */,
			);
			name = EduRevTests;
			productName = EduRevTests;
			productReference = 8FD41355255E5CF300057EBB /* EduRevTests.xctest */;
			productType = "com.apple.product-type.bundle.unit-test";
		};
		8FD4135F255E5CF300057EBB /* EduRevUITests */ = {
			isa = PBXNativeTarget;
			buildConfigurationList = 8FD4136F255E5CF300057EBB /* Build configuration list for PBXNativeTarget "EduRevUITests" */;
			buildPhases = (
				8FD4135C255E5CF300057EBB /* Sources */,
				8FD4135D255E5CF300057EBB /* Frameworks */,
				8FD4135E255E5CF300057EBB /* Resources */,
			);
			buildRules = (
			);
			dependencies = (
				8FD41362255E5CF300057EBB /* PBXTargetDependency */,
			);
			name = EduRevUITests;
			productName = EduRevUITests;
			productReference = 8FD41360255E5CF300057EBB /* EduRevUITests.xctest */;
			productType = "com.apple.product-type.bundle.ui-testing";
		};
/* End PBXNativeTarget section */

/* Begin PBXProject section */
		8FD41337255E5CEF00057EBB /* Project object */ = {
			isa = PBXProject;
			attributes = {
				LastSwiftUpdateCheck = 1210;
				LastUpgradeCheck = 1210;
				TargetAttributes = {
					8FD4133E255E5CEF00057EBB = {
						CreatedOnToolsVersion = 12.1;
					};
					8FD41354255E5CF300057EBB = {
						CreatedOnToolsVersion = 12.1;
						TestTargetID = 8FD4133E255E5CEF00057EBB;
					};
					8FD4135F255E5CF300057EBB = {
						CreatedOnToolsVersion = 12.1;
						TestTargetID = 8FD4133E255E5CEF00057EBB;
					};
				};
			};
			buildConfigurationList = 8FD4133A255E5CEF00057EBB /* Build configuration list for PBXProject "EduRev" */;
			compatibilityVersion = "Xcode 9.3";
			developmentRegion = en;
			hasScannedForEncodings = 0;
			knownRegions = (
				en,
				Base,
			);
			mainGroup = 8FD41336255E5CEF00057EBB;
			productRefGroup = 8FD41340255E5CEF00057EBB /* Products */;
			projectDirPath = "";
			projectRoot = "";
			targets = (
				8FD4133E255E5CEF00057EBB /* EduRev */,
				8FD41354255E5CF300057EBB /* EduRevTests */,
				8FD4135F255E5CF300057EBB /* EduRevUITests */,
			);
		};
/* End PBXProject section */

/* Begin PBXResourcesBuildPhase section */
		8FD4133D255E5CEF00057EBB /* Resources */ = {
			isa = PBXResourcesBuildPhase;
			buildActionMask = 2147483647;
			files = (
				8FD4134F255E5CF300057EBB /* LaunchScreen.storyboard in Resources */,
				8FD41376255E5D3C00057EBB /* data.json in Resources */,
				8FD4134C255E5CF300057EBB /* Assets.xcassets in Resources */,
				8FD4134A255E5CEF00057EBB /* Main.storyboard in Resources */,
			);
			runOnlyForDeploymentPostprocessing = 0;
		};
		8FD41353255E5CF300057EBB /* Resources */ = {
			isa = PBXResourcesBuildPhase;
			buildActionMask = 2147483647;
			files = (
			);
			runOnlyForDeploymentPostprocessing = 0;
		};
		8FD4135E255E5CF300057EBB /* Resources */ = {
			isa = PBXResourcesBuildPhase;
			buildActionMask = 2147483647;
			files = (
			);
			runOnlyForDeploymentPostprocessing = 0;
		};
/* End PBXResourcesBuildPhase section */

/* Begin PBXSourcesBuildPhase section */
		8FD4133B255E5CEF00057EBB /* Sources */ = {
			isa = PBXSourcesBuildPhase;
			buildActionMask = 2147483647;
			files = (
				8FD41383255E5D7A00057EBB /* Questionnaire.swift in Sources */,
				8FD41388255E605400057EBB /* Extensions.swift in Sources */,
				8FD41347255E5CEF00057EBB /* ViewController.swift in Sources */,
				8FD4138D255E61DB00057EBB /* QuestionCell.swift in Sources */,
				8FD4137B255E5D6800057EBB /* DataManager.swift in Sources */,
				8FD41343255E5CEF00057EBB /* AppDelegate.swift in Sources */,
				8FD41345255E5CEF00057EBB /* SceneDelegate.swift in Sources */,
			);
			runOnlyForDeploymentPostprocessing = 0;
		};
		8FD41351255E5CF300057EBB /* Sources */ = {
			isa = PBXSourcesBuildPhase;
			buildActionMask = 2147483647;
			files = (
				8FD4135A255E5CF300057EBB /* EduRevTests.swift in Sources */,
			);
			runOnlyForDeploymentPostprocessing = 0;
		};
		8FD4135C255E5CF300057EBB /* Sources */ = {
			isa = PBXSourcesBuildPhase;
			buildActionMask = 2147483647;
			files = (
				8FD41365255E5CF300057EBB /* EduRevUITests.swift in Sources */,
			);
			runOnlyForDeploymentPostprocessing = 0;
		};
/* End PBXSourcesBuildPhase section */

/* Begin PBXTargetDependency section */
		8FD41357255E5CF300057EBB /* PBXTargetDependency */ = {
			isa = PBXTargetDependency;
			target = 8FD4133E255E5CEF00057EBB /* EduRev */;
			targetProxy = 8FD41356255E5CF300057EBB /* PBXContainerItemProxy */;
		};
		8FD41362255E5CF300057EBB /* PBXTargetDependency */ = {
			isa = PBXTargetDependency;
			target = 8FD4133E255E5CEF00057EBB /* EduRev */;
			targetProxy = 8FD41361255E5CF300057EBB /* PBXContainerItemProxy */;
		};
/* End PBXTargetDependency section */

/* Begin PBXVariantGroup section */
		8FD41348255E5CEF00057EBB /* Main.storyboard */ = {
			isa = PBXVariantGroup;
			children = (
				8FD41349255E5CEF00057EBB /* Base */,
			);
			name = Main.storyboard;
			sourceTree = "<group>";
		};
		8FD4134D255E5CF300057EBB /* LaunchScreen.storyboard */ = {
			isa = PBXVariantGroup;
			children = (
				8FD4134E255E5CF300057EBB /* Base */,
			);
			name = LaunchScreen.storyboard;
			sourceTree = "<group>";
		};
/* End PBXVariantGroup section */

/* Begin XCBuildConfiguration section */
		8FD41367255E5CF300057EBB /* Debug */ = {
			isa = XCBuildConfiguration;
			buildSettings = {
				ALWAYS_SEARCH_USER_PATHS = NO;
				CLANG_ANALYZER_NONNULL = YES;
				CLANG_ANALYZER_NUMBER_OBJECT_CONVERSION = YES_AGGRESSIVE;
				CLANG_CXX_LANGUAGE_STANDARD = "gnu++14";
				CLANG_CXX_LIBRARY = "libc++";
				CLANG_ENABLE_MODULES = YES;
				CLANG_ENABLE_OBJC_ARC = YES;
				CLANG_ENABLE_OBJC_WEAK = YES;
				CLANG_WARN_BLOCK_CAPTURE_AUTORELEASING = YES;
				CLANG_WARN_BOOL_CONVERSION = YES;
				CLANG_WARN_COMMA = YES;
				CLANG_WARN_CONSTANT_CONVERSION = YES;
				CLANG_WARN_DEPRECATED_OBJC_IMPLEMENTATIONS = YES;
				CLANG_WARN_DIRECT_OBJC_ISA_USAGE = YES_ERROR;
				CLANG_WARN_DOCUMENTATION_COMMENTS = YES;
				CLANG_WARN_EMPTY_BODY = YES;
				CLANG_WARN_ENUM_CONVERSION = YES;
				CLANG_WARN_INFINITE_RECURSION = YES;
				CLANG_WARN_INT_CONVERSION = YES;
				CLANG_WARN_NON_LITERAL_NULL_CONVERSION = YES;
				CLANG_WARN_OBJC_IMPLICIT_RETAIN_SELF = YES;
				CLANG_WARN_OBJC_LITERAL_CONVERSION = YES;
				CLANG_WARN_OBJC_ROOT_CLASS = YES_ERROR;
				CLANG_WARN_QUOTED_INCLUDE_IN_FRAMEWORK_HEADER = YES;
				CLANG_WARN_RANGE_LOOP_ANALYSIS = YES;
				CLANG_WARN_STRICT_PROTOTYPES = YES;
				CLANG_WARN_SUSPICIOUS_MOVE = YES;
				CLANG_WARN_UNGUARDED_AVAILABILITY = YES_AGGRESSIVE;
				CLANG_WARN_UNREACHABLE_CODE = YES;
				CLANG_WARN__DUPLICATE_METHOD_MATCH = YES;
				COPY_PHASE_STRIP = NO;
				DEBUG_INFORMATION_FORMAT = dwarf;
				ENABLE_STRICT_OBJC_MSGSEND = YES;
				ENABLE_TESTABILITY = YES;
				GCC_C_LANGUAGE_STANDARD = gnu11;
				GCC_DYNAMIC_NO_PIC = NO;
				GCC_NO_COMMON_BLOCKS = YES;
				GCC_OPTIMIZATION_LEVEL = 0;
				GCC_PREPROCESSOR_DEFINITIONS = (
					"DEBUG=1",
					"$(inherited)",
				);
				GCC_WARN_64_TO_32_BIT_CONVERSION = YES;
				GCC_WARN_ABOUT_RETURN_TYPE = YES_ERROR;
				GCC_WARN_UNDECLARED_SELECTOR = YES;
				GCC_WARN_UNINITIALIZED_AUTOS = YES_AGGRESSIVE;
				GCC_WARN_UNUSED_FUNCTION = YES;
				GCC_WARN_UNUSED_VARIABLE = YES;
				IPHONEOS_DEPLOYMENT_TARGET = 14.1;
				MTL_ENABLE_DEBUG_INFO = INCLUDE_SOURCE;
				MTL_FAST_MATH = YES;
				ONLY_ACTIVE_ARCH = YES;
				SDKROOT = iphoneos;
				SWIFT_ACTIVE_COMPILATION_CONDITIONS = DEBUG;
				SWIFT_OPTIMIZATION_LEVEL = "-Onone";
			};
			name = Debug;
		};
		8FD41368255E5CF300057EBB /* Release */ = {
			isa = XCBuildConfiguration;
			buildSettings = {
				ALWAYS_SEARCH_USER_PATHS = NO;
				CLANG_ANALYZER_NONNULL = YES;
				CLANG_ANALYZER_NUMBER_OBJECT_CONVERSION = YES_AGGRESSIVE;
				CLANG_CXX_LANGUAGE_STANDARD = "gnu++14";
				CLANG_CXX_LIBRARY = "libc++";
				CLANG_ENABLE_MODULES = YES;
				CLANG_ENABLE_OBJC_ARC = YES;
				CLANG_ENABLE_OBJC_WEAK = YES;
				CLANG_WARN_BLOCK_CAPTURE_AUTORELEASING = YES;
				CLANG_WARN_BOOL_CONVERSION = YES;
				CLANG_WARN_COMMA = YES;
				CLANG_WARN_CONSTANT_CONVERSION = YES;
				CLANG_WARN_DEPRECATED_OBJC_IMPLEMENTATIONS = YES;
				CLANG_WARN_DIRECT_OBJC_ISA_USAGE = YES_ERROR;
				CLANG_WARN_DOCUMENTATION_COMMENTS = YES;
				CLANG_WARN_EMPTY_BODY = YES;
				CLANG_WARN_ENUM_CONVERSION = YES;
				CLANG_WARN_INFINITE_RECURSION = YES;
				CLANG_WARN_INT_CONVERSION = YES;
				CLANG_WARN_NON_LITERAL_NULL_CONVERSION = YES;
				CLANG_WARN_OBJC_IMPLICIT_RETAIN_SELF = YES;
				CLANG_WARN_OBJC_LITERAL_CONVERSION = YES;
				CLANG_WARN_OBJC_ROOT_CLASS = YES_ERROR;
				CLANG_WARN_QUOTED_INCLUDE_IN_FRAMEWORK_HEADER = YES;
				CLANG_WARN_RANGE_LOOP_ANALYSIS = YES;
				CLANG_WARN_STRICT_PROTOTYPES = YES;
				CLANG_WARN_SUSPICIOUS_MOVE = YES;
				CLANG_WARN_UNGUARDED_AVAILABILITY = YES_AGGRESSIVE;
				CLANG_WARN_UNREACHABLE_CODE = YES;
				CLANG_WARN__DUPLICATE_METHOD_MATCH = YES;
				COPY_PHASE_STRIP = NO;
				DEBUG_INFORMATION_FORMAT = "dwarf-with-dsym";
				ENABLE_NS_ASSERTIONS = NO;
				ENABLE_STRICT_OBJC_MSGSEND = YES;
				GCC_C_LANGUAGE_STANDARD = gnu11;
				GCC_NO_COMMON_BLOCKS = YES;
				GCC_WARN_64_TO_32_BIT_CONVERSION = YES;
				GCC_WARN_ABOUT_RETURN_TYPE = YES_ERROR;
				GCC_WARN_UNDECLARED_SELECTOR = YES;
				GCC_WARN_UNINITIALIZED_AUTOS = YES_AGGRESSIVE;
				GCC_WARN_UNUSED_FUNCTION = YES;
				GCC_WARN_UNUSED_VARIABLE = YES;
				IPHONEOS_DEPLOYMENT_TARGET = 14.1;
				MTL_ENABLE_DEBUG_INFO = NO;
				MTL_FAST_MATH = YES;
				SDKROOT = iphoneos;
				SWIFT_COMPILATION_MODE = wholemodule;
				SWIFT_OPTIMIZATION_LEVEL = "-O";
				VALIDATE_PRODUCT = YES;
			};
			name = Release;
		};
		8FD4136A255E5CF300057EBB /* Debug */ = {
			isa = XCBuildConfiguration;
			buildSettings = {
				ASSETCATALOG_COMPILER_APPICON_NAME = AppIcon;
				ASSETCATALOG_COMPILER_GLOBAL_ACCENT_COLOR_NAME = AccentColor;
				CODE_SIGN_STYLE = Automatic;
				INFOPLIST_FILE = EduRev/Info.plist;
				LD_RUNPATH_SEARCH_PATHS = (
					"$(inherited)",
					"@executable_path/Frameworks",
				);
				PRODUCT_BUNDLE_IDENTIFIER = com.sowji.EduRev;
				PRODUCT_NAME = "$(TARGET_NAME)";
				SWIFT_VERSION = 5.0;
				TARGETED_DEVICE_FAMILY = "1,2";
			};
			name = Debug;
		};
		8FD4136B255E5CF300057EBB /* Release */ = {
			isa = XCBuildConfiguration;
			buildSettings = {
				ASSETCATALOG_COMPILER_APPICON_NAME = AppIcon;
				ASSETCATALOG_COMPILER_GLOBAL_ACCENT_COLOR_NAME = AccentColor;
				CODE_SIGN_STYLE = Automatic;
				INFOPLIST_FILE = EduRev/Info.plist;
				LD_RUNPATH_SEARCH_PATHS = (
					"$(inherited)",
					"@executable_path/Frameworks",
				);
				PRODUCT_BUNDLE_IDENTIFIER = com.sowji.EduRev;
				PRODUCT_NAME = "$(TARGET_NAME)";
				SWIFT_VERSION = 5.0;
				TARGETED_DEVICE_FAMILY = "1,2";
			};
			name = Release;
		};
		8FD4136D255E5CF300057EBB /* Debug */ = {
			isa = XCBuildConfiguration;
			buildSettings = {
				ALWAYS_EMBED_SWIFT_STANDARD_LIBRARIES = YES;
				BUNDLE_LOADER = "$(TEST_HOST)";
				CODE_SIGN_STYLE = Automatic;
				INFOPLIST_FILE = EduRevTests/Info.plist;
				IPHONEOS_DEPLOYMENT_TARGET = 14.1;
				LD_RUNPATH_SEARCH_PATHS = (
					"$(inherited)",
					"@executable_path/Frameworks",
					"@loader_path/Frameworks",
				);
				PRODUCT_BUNDLE_IDENTIFIER = com.sowji.EduRevTests;
				PRODUCT_NAME = "$(TARGET_NAME)";
				SWIFT_VERSION = 5.0;
				TARGETED_DEVICE_FAMILY = "1,2";
				TEST_HOST = "$(BUILT_PRODUCTS_DIR)/EduRev.app/EduRev";
			};
			name = Debug;
		};
		8FD4136E255E5CF300057EBB /* Release */ = {
			isa = XCBuildConfiguration;
			buildSettings = {
				ALWAYS_EMBED_SWIFT_STANDARD_LIBRARIES = YES;
				BUNDLE_LOADER = "$(TEST_HOST)";
				CODE_SIGN_STYLE = Automatic;
				INFOPLIST_FILE = EduRevTests/Info.plist;
				IPHONEOS_DEPLOYMENT_TARGET = 14.1;
				LD_RUNPATH_SEARCH_PATHS = (
					"$(inherited)",
					"@executable_path/Frameworks",
					"@loader_path/Frameworks",
				);
				PRODUCT_BUNDLE_IDENTIFIER = com.sowji.EduRevTests;
				PRODUCT_NAME = "$(TARGET_NAME)";
				SWIFT_VERSION = 5.0;
				TARGETED_DEVICE_FAMILY = "1,2";
				TEST_HOST = "$(BUILT_PRODUCTS_DIR)/EduRev.app/EduRev";
			};
			name = Release;
		};
		8FD41370255E5CF300057EBB /* Debug */ = {
			isa = XCBuildConfiguration;
			buildSettings = {
				ALWAYS_EMBED_SWIFT_STANDARD_LIBRARIES = YES;
				CODE_SIGN_STYLE = Automatic;
				INFOPLIST_FILE = EduRevUITests/Info.plist;
				LD_RUNPATH_SEARCH_PATHS = (
					"$(inherited)",
					"@executable_path/Frameworks",
					"@loader_path/Frameworks",
				);
				PRODUCT_BUNDLE_IDENTIFIER = com.sowji.EduRevUITests;
				PRODUCT_NAME = "$(TARGET_NAME)";
				SWIFT_VERSION = 5.0;
				TARGETED_DEVICE_FAMILY = "1,2";
				TEST_TARGET_NAME = EduRev;
			};
			name = Debug;
		};
		8FD41371255E5CF300057EBB /* Release */ = {
			isa = XCBuildConfiguration;
			buildSettings = {
				ALWAYS_EMBED_SWIFT_STANDARD_LIBRARIES = YES;
				CODE_SIGN_STYLE = Automatic;
				INFOPLIST_FILE = EduRevUITests/Info.plist;
				LD_RUNPATH_SEARCH_PATHS = (
					"$(inherited)",
					"@executable_path/Frameworks",
					"@loader_path/Frameworks",
				);
				PRODUCT_BUNDLE_IDENTIFIER = com.sowji.EduRevUITests;
				PRODUCT_NAME = "$(TARGET_NAME)";
				SWIFT_VERSION = 5.0;
				TARGETED_DEVICE_FAMILY = "1,2";
				TEST_TARGET_NAME = EduRev;
			};
			name = Release;
		};
/* End XCBuildConfiguration section */

/* Begin XCConfigurationList section */
		8FD4133A255E5CEF00057EBB /* Build configuration list for PBXProject "EduRev" */ = {
			isa = XCConfigurationList;
			buildConfigurations = (
				8FD41367255E5CF300057EBB /* Debug */,
				8FD41368255E5CF300057EBB /* Release */,
			);
			defaultConfigurationIsVisible = 0;
			defaultConfigurationName = Release;
		};
		8FD41369255E5CF300057EBB /* Build configuration list for PBXNativeTarget "EduRev" */ = {
			isa = XCConfigurationList;
			buildConfigurations = (
				8FD4136A255E5CF300057EBB /* Debug */,
				8FD4136B255E5CF300057EBB /* Release */,
			);
			defaultConfigurationIsVisible = 0;
			defaultConfigurationName = Release;
		};
		8FD4136C255E5CF300057EBB /* Build configuration list for PBXNativeTarget "EduRevTests" */ = {
			isa = XCConfigurationList;
			buildConfigurations = (
				8FD4136D255E5CF300057EBB /* Debug */,
				8FD4136E255E5CF300057EBB /* Release */,
			);
			defaultConfigurationIsVisible = 0;
			defaultConfigurationName = Release;
		};
		8FD4136F255E5CF300057EBB /* Build configuration list for PBXNativeTarget "EduRevUITests" */ = {
			isa = XCConfigurationList;
			buildConfigurations = (
				8FD41370255E5CF300057EBB /* Debug */,
				8FD41371255E5CF300057EBB /* Release */,
			);
			defaultConfigurationIsVisible = 0;
			defaultConfigurationName = Release;
		};
/* End XCConfigurationList section */
	};
	rootObject = 8FD41337255E5CEF00057EBB /* Project object */;
}
